
Microsoft Visual Studio Solution File, Format Version 12.00
# Visual Studio 15
VisualStudioVersion = 15.0.28307.1145
MinimumVisualStudioVersion = 10.0.40219.1
Project("{FAE04EC0-301F-11D3-BF4B-00C04F79EFBC}") = "HttpClientFactoryProject", "HttpClientFactoryProject\HttpClientFactoryProject.csproj", "{EDDC756F-5CB7-47FB-A620-2446136CBA7C}"
EndProject
Global
	GlobalSection(SolutionConfigurationPlatforms) = preSolution
		Debug|Any CPU = Debug|Any CPU
		Release|Any CPU = Release|Any CPU
	EndGlobalSection
	GlobalSection(ProjectConfigurationPlatforms) = postSolution
		{EDDC756F-5CB7-47FB-A620-2446136CBA7C}.Debug|Any CPU.ActiveCfg = Debug|Any CPU
		{EDDC756F-5CB7-47FB-A620-2446136CBA7C}.Debug|Any CPU.Build.0 = Debug|Any CPU
		{EDDC756F-5CB7-47FB-A620-2446136CBA7C}.Release|Any CPU.ActiveCfg = Release|Any CPU
		{EDDC756F-5CB7-47FB-A620-2446136CBA7C}.Release|Any CPU.Build.0 = Release|Any CPU
	EndGlobalSection
	GlobalSection(SolutionProperties) = preSolution
		HideSolutionNode = FALSE
	EndGlobalSection
	GlobalSection(ExtensibilityGlobals) = postSolution
		SolutionGuid = {917356F7-F1A5-4277-80D7-8B68B718509A}
	EndGlobalSection
EndGlobal
